// !$*UTF8*$!
{
	archiveVersion = 1;
	classes = {
	};
	objectVersion = 55;
	objects = {

/* Begin PBXBuildFile section */
		AF76C3BD27AF63070031061F /* AppDelegate.swift in Sources */ = {isa = PBXBuildFile; fileRef = AF76C3BC27AF63070031061F /* AppDelegate.swift */; };
		AF76C3BF27AF63070031061F /* SceneDelegate.swift in Sources */ = {isa = PBXBuildFile; fileRef = AF76C3BE27AF63070031061F /* SceneDelegate.swift */; };
		AF76C3C127AF63070031061F /* ViewController.swift in Sources */ = {isa = PBXBuildFile; fileRef = AF76C3C027AF63070031061F /* ViewController.swift */; };
		AF76C3C427AF63070031061F /* Main.storyboard in Resources */ = {isa = PBXBuildFile; fileRef = AF76C3C227AF63070031061F /* Main.storyboard */; };
		AF76C3C627AF630F0031061F /* Assets.xcassets in Resources */ = {isa = PBXBuildFile; fileRef = AF76C3C527AF630F0031061F /* Assets.xcassets */; };
		AF76C3C927AF630F0031061F /* LaunchScreen.storyboard in Resources */ = {isa = PBXBuildFile; fileRef = AF76C3C727AF630F0031061F /* LaunchScreen.storyboard */; };
		AF76C3D227AF63950031061F /* CodableBundleExtension.swift in Sources */ = {isa = PBXBuildFile; fileRef = AF76C3D127AF63950031061F /* CodableBundleExtension.swift */; };
		AF76C3D827AF63D80031061F /* locations.json in Resources */ = {isa = PBXBuildFile; fileRef = AF76C3D427AF63D80031061F /* locations.json */; };
		AF76C3D927AF63D80031061F /* covers.json in Resources */ = {isa = PBXBuildFile; fileRef = AF76C3D527AF63D80031061F /* covers.json */; };
		AF76C3DA27AF63D80031061F /* animals.json in Resources */ = {isa = PBXBuildFile; fileRef = AF76C3D627AF63D80031061F /* animals.json */; };
		AF76C3DB27AF63D80031061F /* videos.json in Resources */ = {isa = PBXBuildFile; fileRef = AF76C3D727AF63D80031061F /* videos.json */; };
		AF76C3E827AF64510031061F /* HeadingView.swift in Sources */ = {isa = PBXBuildFile; fileRef = AF76C3DD27AF64510031061F /* HeadingView.swift */; };
		AF76C3E927AF64510031061F /* VideoPlayerView.swift in Sources */ = {isa = PBXBuildFile; fileRef = AF76C3DE27AF64510031061F /* VideoPlayerView.swift */; };
		AF76C3EA27AF64510031061F /* ExternalWeblinkView.swift in Sources */ = {isa = PBXBuildFile; fileRef = AF76C3DF27AF64510031061F /* ExternalWeblinkView.swift */; };
		AF76C3EB27AF64510031061F /* CoverImageView.swift in Sources */ = {isa = PBXBuildFile; fileRef = AF76C3E027AF64510031061F /* CoverImageView.swift */; };
		AF76C3EC27AF64510031061F /* InsetMapView.swift in Sources */ = {isa = PBXBuildFile; fileRef = AF76C3E127AF64510031061F /* InsetMapView.swift */; };
		AF76C3ED27AF64510031061F /* AnimalListItemView.swift in Sources */ = {isa = PBXBuildFile; fileRef = AF76C3E227AF64510031061F /* AnimalListItemView.swift */; };
		AF76C3EE27AF64510031061F /* VideoListItemView.swift in Sources */ = {isa = PBXBuildFile; fileRef = AF76C3E327AF64510031061F /* VideoListItemView.swift */; };
		AF76C3EF27AF64510031061F /* InsetFactView.swift in Sources */ = {isa = PBXBuildFile; fileRef = AF76C3E427AF64510031061F /* InsetFactView.swift */; };
		AF76C3F027AF64510031061F /* InsetGalleryView.swift in Sources */ = {isa = PBXBuildFile; fileRef = AF76C3E527AF64510031061F /* InsetGalleryView.swift */; };
		AF76C3F127AF64510031061F /* AnimalDetailView.swift in Sources */ = {isa = PBXBuildFile; fileRef = AF76C3E627AF64510031061F /* AnimalDetailView.swift */; };
		AF76C3F227AF64510031061F /* MapAnnotationView.swift in Sources */ = {isa = PBXBuildFile; fileRef = AF76C3E727AF64510031061F /* MapAnnotationView.swift */; };
		AF76C3F527AF64610031061F /* VideoPlayerHelper.swift in Sources */ = {isa = PBXBuildFile; fileRef = AF76C3F427AF64610031061F /* VideoPlayerHelper.swift */; };
		AF76C3FD27AF65840031061F /* MapView.swift in Sources */ = {isa = PBXBuildFile; fileRef = AF76C3F727AF65840031061F /* MapView.swift */; };
		AF76C3FE27AF65840031061F /* AfricaApp.swift in Sources */ = {isa = PBXBuildFile; fileRef = AF76C3F827AF65840031061F /* AfricaApp.swift */; };
		AF76C3FF27AF65840031061F /* GalleryView.swift in Sources */ = {isa = PBXBuildFile; fileRef = AF76C3F927AF65840031061F /* GalleryView.swift */; };
		AF76C40027AF65840031061F /* MainView.swift in Sources */ = {isa = PBXBuildFile; fileRef = AF76C3FA27AF65840031061F /* MainView.swift */; };
		AF76C40127AF65840031061F /* ContentView.swift in Sources */ = {isa = PBXBuildFile; fileRef = AF76C3FB27AF65840031061F /* ContentView.swift */; };
		AF76C40227AF65840031061F /* VideoListView.swift in Sources */ = {isa = PBXBuildFile; fileRef = AF76C3FC27AF65840031061F /* VideoListView.swift */; };
		AF76C40927AF661D0031061F /* AnimalModel.swift in Sources */ = {isa = PBXBuildFile; fileRef = AF76C40527AF661D0031061F /* AnimalModel.swift */; };
		AF76C40A27AF661D0031061F /* VideoModel.swift in Sources */ = {isa = PBXBuildFile; fileRef = AF76C40627AF661D0031061F /* VideoModel.swift */; };
		AF76C40B27AF661D0031061F /* CoverImageModel.swift in Sources */ = {isa = PBXBuildFile; fileRef = AF76C40727AF661D0031061F /* CoverImageModel.swift */; };
		AF76C40C27AF661D0031061F /* LocationModel.swift in Sources */ = {isa = PBXBuildFile; fileRef = AF76C40827AF661D0031061F /* LocationModel.swift */; };
		AF76C42227AF66370031061F /* hippo 3.mp4 in Resources */ = {isa = PBXBuildFile; fileRef = AF76C40E27AF66360031061F /* hippo 3.mp4 */; };
		AF76C42327AF66370031061F /* giraffe.mp4 in Resources */ = {isa = PBXBuildFile; fileRef = AF76C40F27AF66360031061F /* giraffe.mp4 */; };
		AF76C42427AF66370031061F /* rhino 3.mp4 in Resources */ = {isa = PBXBuildFile; fileRef = AF76C41027AF66360031061F /* rhino 3.mp4 */; };
		AF76C42527AF66370031061F /* cheetah 3.mp4 in Resources */ = {isa = PBXBuildFile; fileRef = AF76C41127AF66360031061F /* cheetah 3.mp4 */; };
		AF76C42627AF66370031061F /* lioness 3.mp4 in Resources */ = {isa = PBXBuildFile; fileRef = AF76C41227AF66360031061F /* lioness 3.mp4 */; };
		AF76C42727AF66370031061F /* zebra 3.mp4 in Resources */ = {isa = PBXBuildFile; fileRef = AF76C41327AF66360031061F /* zebra 3.mp4 */; };
		AF76C42827AF66370031061F /* ostrich 3.mp4 in Resources */ = {isa = PBXBuildFile; fileRef = AF76C41427AF66360031061F /* ostrich 3.mp4 */; };
		AF76C42927AF66370031061F /* ostrich.mp4 in Resources */ = {isa = PBXBuildFile; fileRef = AF76C41527AF66360031061F /* ostrich.mp4 */; };
		AF76C42A27AF66370031061F /* gorilla 3.mp4 in Resources */ = {isa = PBXBuildFile; fileRef = AF76C41627AF66360031061F /* gorilla 3.mp4 */; };
		AF76C42B27AF66370031061F /* zebra.mp4 in Resources */ = {isa = PBXBuildFile; fileRef = AF76C41727AF66360031061F /* zebra.mp4 */; };
		AF76C42C27AF66370031061F /* elephant 3.mp4 in Resources */ = {isa = PBXBuildFile; fileRef = AF76C41827AF66360031061F /* elephant 3.mp4 */; };
		AF76C42D27AF66370031061F /* hippo.mp4 in Resources */ = {isa = PBXBuildFile; fileRef = AF76C41927AF66360031061F /* hippo.mp4 */; };
		AF76C42E27AF66370031061F /* cheetah.mp4 in Resources */ = {isa = PBXBuildFile; fileRef = AF76C41A27AF66360031061F /* cheetah.mp4 */; };
		AF76C42F27AF66370031061F /* gorilla.mp4 in Resources */ = {isa = PBXBuildFile; fileRef = AF76C41B27AF66370031061F /* gorilla.mp4 */; };
		AF76C43027AF66370031061F /* giraffe 3.mp4 in Resources */ = {isa = PBXBuildFile; fileRef = AF76C41C27AF66370031061F /* giraffe 3.mp4 */; };
		AF76C43127AF66370031061F /* elephant.mp4 in Resources */ = {isa = PBXBuildFile; fileRef = AF76C41D27AF66370031061F /* elephant.mp4 */; };
		AF76C43227AF66370031061F /* lion 3.mp4 in Resources */ = {isa = PBXBuildFile; fileRef = AF76C41E27AF66370031061F /* lion 3.mp4 */; };
		AF76C43327AF66370031061F /* lioness.mp4 in Resources */ = {isa = PBXBuildFile; fileRef = AF76C41F27AF66370031061F /* lioness.mp4 */; };
		AF76C43427AF66370031061F /* lion.mp4 in Resources */ = {isa = PBXBuildFile; fileRef = AF76C42027AF66370031061F /* lion.mp4 */; };
		AF76C43527AF66370031061F /* rhino.mp4 in Resources */ = {isa = PBXBuildFile; fileRef = AF76C42127AF66370031061F /* rhino.mp4 */; };
		AF76C43727AF6D490031061F /* UIKitSwiftUIExtension.swift in Sources */ = {isa = PBXBuildFile; fileRef = AF76C43627AF6D490031061F /* UIKitSwiftUIExtension.swift */; };
/* End PBXBuildFile section */

/* Begin PBXFileReference section */
		AF76C3B927AF63070031061F /* UIKitSwiftUIDemo.app */ = {isa = PBXFileReference; explicitFileType = wrapper.application; includeInIndex = 0; path = UIKitSwiftUIDemo.app; sourceTree = BUILT_PRODUCTS_DIR; };
		AF76C3BC27AF63070031061F /* AppDelegate.swift */ = {isa = PBXFileReference; lastKnownFileType = sourcecode.swift; path = AppDelegate.swift; sourceTree = "<group>"; };
		AF76C3BE27AF63070031061F /* SceneDelegate.swift */ = {isa = PBXFileReference; lastKnownFileType = sourcecode.swift; path = SceneDelegate.swift; sourceTree = "<group>"; };
		AF76C3C027AF63070031061F /* ViewController.swift */ = {isa = PBXFileReference; lastKnownFileType = sourcecode.swift; path = ViewController.swift; sourceTree = "<group>"; };
		AF76C3C327AF63070031061F /* Base */ = {isa = PBXFileReference; lastKnownFileType = file.storyboard; name = Base; path = Base.lproj/Main.storyboard; sourceTree = "<group>"; };
		AF76C3C527AF630F0031061F /* Assets.xcassets */ = {isa = PBXFileReference; lastKnownFileType = folder.assetcatalog; path = Assets.xcassets; sourceTree = "<group>"; };
		AF76C3C827AF630F0031061F /* Base */ = {isa = PBXFileReference; lastKnownFileType = file.storyboard; name = Base; path = Base.lproj/LaunchScreen.storyboard; sourceTree = "<group>"; };
		AF76C3CA27AF630F0031061F /* Info.plist */ = {isa = PBXFileReference; lastKnownFileType = text.plist.xml; path = Info.plist; sourceTree = "<group>"; };
		AF76C3D127AF63950031061F /* CodableBundleExtension.swift */ = {isa = PBXFileReference; fileEncoding = 4; lastKnownFileType = sourcecode.swift; path = CodableBundleExtension.swift; sourceTree = "<group>"; };
		AF76C3D427AF63D80031061F /* locations.json */ = {isa = PBXFileReference; fileEncoding = 4; lastKnownFileType = text.json; path = locations.json; sourceTree = "<group>"; };
		AF76C3D527AF63D80031061F /* covers.json */ = {isa = PBXFileReference; fileEncoding = 4; lastKnownFileType = text.json; path = covers.json; sourceTree = "<group>"; };
		AF76C3D627AF63D80031061F /* animals.json */ = {isa = PBXFileReference; fileEncoding = 4; lastKnownFileType = text.json; path = animals.json; sourceTree = "<group>"; };
		AF76C3D727AF63D80031061F /* videos.json */ = {isa = PBXFileReference; fileEncoding = 4; lastKnownFileType = text.json; path = videos.json; sourceTree = "<group>"; };
		AF76C3DD27AF64510031061F /* HeadingView.swift */ = {isa = PBXFileReference; fileEncoding = 4; lastKnownFileType = sourcecode.swift; path = HeadingView.swift; sourceTree = "<group>"; };
		AF76C3DE27AF64510031061F /* VideoPlayerView.swift */ = {isa = PBXFileReference; fileEncoding = 4; lastKnownFileType = sourcecode.swift; path = VideoPlayerView.swift; sourceTree = "<group>"; };
		AF76C3DF27AF64510031061F /* ExternalWeblinkView.swift */ = {isa = PBXFileReference; fileEncoding = 4; lastKnownFileType = sourcecode.swift; path = ExternalWeblinkView.swift; sourceTree = "<group>"; };
		AF76C3E027AF64510031061F /* CoverImageView.swift */ = {isa = PBXFileReference; fileEncoding = 4; lastKnownFileType = sourcecode.swift; path = CoverImageView.swift; sourceTree = "<group>"; };
		AF76C3E127AF64510031061F /* InsetMapView.swift */ = {isa = PBXFileReference; fileEncoding = 4; lastKnownFileType = sourcecode.swift; path = InsetMapView.swift; sourceTree = "<group>"; };
		AF76C3E227AF64510031061F /* AnimalListItemView.swift */ = {isa = PBXFileReference; fileEncoding = 4; lastKnownFileType = sourcecode.swift; path = AnimalListItemView.swift; sourceTree = "<group>"; };
		AF76C3E327AF64510031061F /* VideoListItemView.swift */ = {isa = PBXFileReference; fileEncoding = 4; lastKnownFileType = sourcecode.swift; path = VideoListItemView.swift; sourceTree = "<group>"; };
		AF76C3E427AF64510031061F /* InsetFactView.swift */ = {isa = PBXFileReference; fileEncoding = 4; lastKnownFileType = sourcecode.swift; path = InsetFactView.swift; sourceTree = "<group>"; };
		AF76C3E527AF64510031061F /* InsetGalleryView.swift */ = {isa = PBXFileReference; fileEncoding = 4; lastKnownFileType = sourcecode.swift; path = InsetGalleryView.swift; sourceTree = "<group>"; };
		AF76C3E627AF64510031061F /* AnimalDetailView.swift */ = {isa = PBXFileReference; fileEncoding = 4; lastKnownFileType = sourcecode.swift; path = AnimalDetailView.swift; sourceTree = "<group>"; };
		AF76C3E727AF64510031061F /* MapAnnotationView.swift */ = {isa = PBXFileReference; fileEncoding = 4; lastKnownFileType = sourcecode.swift; path = MapAnnotationView.swift; sourceTree = "<group>"; };
		AF76C3F427AF64610031061F /* VideoPlayerHelper.swift */ = {isa = PBXFileReference; fileEncoding = 4; lastKnownFileType = sourcecode.swift; path = VideoPlayerHelper.swift; sourceTree = "<group>"; };
		AF76C3F727AF65840031061F /* MapView.swift */ = {isa = PBXFileReference; fileEncoding = 4; lastKnownFileType = sourcecode.swift; path = MapView.swift; sourceTree = "<group>"; };
		AF76C3F827AF65840031061F /* AfricaApp.swift */ = {isa = PBXFileReference; fileEncoding = 4; lastKnownFileType = sourcecode.swift; path = AfricaApp.swift; sourceTree = "<group>"; };
		AF76C3F927AF65840031061F /* GalleryView.swift */ = {isa = PBXFileReference; fileEncoding = 4; lastKnownFileType = sourcecode.swift; path = GalleryView.swift; sourceTree = "<group>"; };
		AF76C3FA27AF65840031061F /* MainView.swift */ = {isa = PBXFileReference; fileEncoding = 4; lastKnownFileType = sourcecode.swift; path = MainView.swift; sourceTree = "<group>"; };
		AF76C3FB27AF65840031061F /* ContentView.swift */ = {isa = PBXFileReference; fileEncoding = 4; lastKnownFileType = sourcecode.swift; path = ContentView.swift; sourceTree = "<group>"; };
		AF76C3FC27AF65840031061F /* VideoListView.swift */ = {isa = PBXFileReference; fileEncoding = 4; lastKnownFileType = sourcecode.swift; path = VideoListView.swift; sourceTree = "<group>"; };
		AF76C40527AF661D0031061F /* AnimalModel.swift */ = {isa = PBXFileReference; fileEncoding = 4; lastKnownFileType = sourcecode.swift; path = AnimalModel.swift; sourceTree = "<group>"; };
		AF76C40627AF661D0031061F /* VideoModel.swift */ = {isa = PBXFileReference; fileEncoding = 4; lastKnownFileType = sourcecode.swift; path = VideoModel.swift; sourceTree = "<group>"; };
		AF76C40727AF661D0031061F /* CoverImageModel.swift */ = {isa = PBXFileReference; fileEncoding = 4; lastKnownFileType = sourcecode.swift; path = CoverImageModel.swift; sourceTree = "<group>"; };
		AF76C40827AF661D0031061F /* LocationModel.swift */ = {isa = PBXFileReference; fileEncoding = 4; lastKnownFileType = sourcecode.swift; path = LocationModel.swift; sourceTree = "<group>"; };
		AF76C40E27AF66360031061F /* hippo 3.mp4 */ = {isa = PBXFileReference; lastKnownFileType = file; path = "hippo 3.mp4"; sourceTree = "<group>"; };
		AF76C40F27AF66360031061F /* giraffe.mp4 */ = {isa = PBXFileReference; lastKnownFileType = file; path = giraffe.mp4; sourceTree = "<group>"; };
		AF76C41027AF66360031061F /* rhino 3.mp4 */ = {isa = PBXFileReference; lastKnownFileType = file; path = "rhino 3.mp4"; sourceTree = "<group>"; };
		AF76C41127AF66360031061F /* cheetah 3.mp4 */ = {isa = PBXFileReference; lastKnownFileType = file; path = "cheetah 3.mp4"; sourceTree = "<group>"; };
		AF76C41227AF66360031061F /* lioness 3.mp4 */ = {isa = PBXFileReference; lastKnownFileType = file; path = "lioness 3.mp4"; sourceTree = "<group>"; };
		AF76C41327AF66360031061F /* zebra 3.mp4 */ = {isa = PBXFileReference; lastKnownFileType = file; path = "zebra 3.mp4"; sourceTree = "<group>"; };
		AF76C41427AF66360031061F /* ostrich 3.mp4 */ = {isa = PBXFileReference; lastKnownFileType = file; path = "ostrich 3.mp4"; sourceTree = "<group>"; };
		AF76C41527AF66360031061F /* ostrich.mp4 */ = {isa = PBXFileReference; lastKnownFileType = file; path = ostrich.mp4; sourceTree = "<group>"; };
		AF76C41627AF66360031061F /* gorilla 3.mp4 */ = {isa = PBXFileReference; lastKnownFileType = file; path = "gorilla 3.mp4"; sourceTree = "<group>"; };
		AF76C41727AF66360031061F /* zebra.mp4 */ = {isa = PBXFileReference; lastKnownFileType = file; path = zebra.mp4; sourceTree = "<group>"; };
		AF76C41827AF66360031061F /* elephant 3.mp4 */ = {isa = PBXFileReference; lastKnownFileType = file; path = "elephant 3.mp4"; sourceTree = "<group>"; };
		AF76C41927AF66360031061F /* hippo.mp4 */ = {isa = PBXFileReference; lastKnownFileType = file; path = hippo.mp4; sourceTree = "<group>"; };
		AF76C41A27AF66360031061F /* cheetah.mp4 */ = {isa = PBXFileReference; lastKnownFileType = file; path = cheetah.mp4; sourceTree = "<group>"; };
		AF76C41B27AF66370031061F /* gorilla.mp4 */ = {isa = PBXFileReference; lastKnownFileType = file; path = gorilla.mp4; sourceTree = "<group>"; };
		AF76C41C27AF66370031061F /* giraffe 3.mp4 */ = {isa = PBXFileReference; lastKnownFileType = file; path = "giraffe 3.mp4"; sourceTree = "<group>"; };
		AF76C41D27AF66370031061F /* elephant.mp4 */ = {isa = PBXFileReference; lastKnownFileType = file; path = elephant.mp4; sourceTree = "<group>"; };
		AF76C41E27AF66370031061F /* lion 3.mp4 */ = {isa = PBXFileReference; lastKnownFileType = file; path = "lion 3.mp4"; sourceTree = "<group>"; };
		AF76C41F27AF66370031061F /* lioness.mp4 */ = {isa = PBXFileReference; lastKnownFileType = file; path = lioness.mp4; sourceTree = "<group>"; };
		AF76C42027AF66370031061F /* lion.mp4 */ = {isa = PBXFileReference; lastKnownFileType = file; path = lion.mp4; sourceTree = "<group>"; };
		AF76C42127AF66370031061F /* rhino.mp4 */ = {isa = PBXFileReference; lastKnownFileType = file; path = rhino.mp4; sourceTree = "<group>"; };
		AF76C43627AF6D490031061F /* UIKitSwiftUIExtension.swift */ = {isa = PBXFileReference; lastKnownFileType = sourcecode.swift; path = UIKitSwiftUIExtension.swift; sourceTree = "<group>"; };
/* End PBXFileReference section */

/* Begin PBXFrameworksBuildPhase section */
		AF76C3B627AF63070031061F /* Frameworks */ = {
			isa = PBXFrameworksBuildPhase;
			buildActionMask = 2147483647;
			files = (
			);
			runOnlyForDeploymentPostprocessing = 0;
		};
/* End PBXFrameworksBuildPhase section */

/* Begin PBXGroup section */
		AF76C3B027AF63070031061F = {
			isa = PBXGroup;
			children = (
				AF76C3BB27AF63070031061F /* UIKitSwiftUIDemo */,
				AF76C3BA27AF63070031061F /* Products */,
			);
			sourceTree = "<group>";
		};
		AF76C3BA27AF63070031061F /* Products */ = {
			isa = PBXGroup;
			children = (
				AF76C3B927AF63070031061F /* UIKitSwiftUIDemo.app */,
			);
			name = Products;
			sourceTree = "<group>";
		};
		AF76C3BB27AF63070031061F /* UIKitSwiftUIDemo */ = {
			isa = PBXGroup;
			children = (
				AF76C3BC27AF63070031061F /* AppDelegate.swift */,
				AF76C3BE27AF63070031061F /* SceneDelegate.swift */,
				AF76C3C027AF63070031061F /* ViewController.swift */,
				AF76C3F327AF64610031061F /* Helper */,
				AF76C3F627AF65840031061F /* App */,
				AF76C3DC27AF64510031061F /* View */,
				AF76C3D027AF63950031061F /* Extension */,
				AF76C3D327AF63D80031061F /* Data */,
				AF76C40D27AF66360031061F /* Video */,
				AF76C3C227AF63070031061F /* Main.storyboard */,
				AF76C3C527AF630F0031061F /* Assets.xcassets */,
				AF76C3C727AF630F0031061F /* LaunchScreen.storyboard */,
				AF76C3CA27AF630F0031061F /* Info.plist */,
			);
			path = UIKitSwiftUIDemo;
			sourceTree = "<group>";
		};
		AF76C3D027AF63950031061F /* Extension */ = {
			isa = PBXGroup;
			children = (
				AF76C3D127AF63950031061F /* CodableBundleExtension.swift */,
				AF76C43627AF6D490031061F /* UIKitSwiftUIExtension.swift */,
			);
			path = Extension;
			sourceTree = "<group>";
		};
		AF76C3D327AF63D80031061F /* Data */ = {
			isa = PBXGroup;
			children = (
				AF76C3D427AF63D80031061F /* locations.json */,
				AF76C3D527AF63D80031061F /* covers.json */,
				AF76C3D627AF63D80031061F /* animals.json */,
				AF76C3D727AF63D80031061F /* videos.json */,
			);
			path = Data;
			sourceTree = "<group>";
		};
		AF76C3DC27AF64510031061F /* View */ = {
			isa = PBXGroup;
			children = (
				AF76C3DD27AF64510031061F /* HeadingView.swift */,
				AF76C3DE27AF64510031061F /* VideoPlayerView.swift */,
				AF76C3DF27AF64510031061F /* ExternalWeblinkView.swift */,
				AF76C3E027AF64510031061F /* CoverImageView.swift */,
				AF76C3E127AF64510031061F /* InsetMapView.swift */,
				AF76C3E227AF64510031061F /* AnimalListItemView.swift */,
				AF76C3E327AF64510031061F /* VideoListItemView.swift */,
				AF76C3E427AF64510031061F /* InsetFactView.swift */,
				AF76C3E527AF64510031061F /* InsetGalleryView.swift */,
				AF76C3E627AF64510031061F /* AnimalDetailView.swift */,
				AF76C3E727AF64510031061F /* MapAnnotationView.swift */,
				AF76C40427AF661D0031061F /* Model */,
				AF76C40327AF661D0031061F /* ViewModel */,
			);
			path = View;
			sourceTree = "<group>";
		};
		AF76C3F327AF64610031061F /* Helper */ = {
			isa = PBXGroup;
			children = (
				AF76C3F427AF64610031061F /* VideoPlayerHelper.swift */,
			);
			path = Helper;
			sourceTree = "<group>";
		};
		AF76C3F627AF65840031061F /* App */ = {
			isa = PBXGroup;
			children = (
				AF76C3F727AF65840031061F /* MapView.swift */,
				AF76C3F827AF65840031061F /* AfricaApp.swift */,
				AF76C3F927AF65840031061F /* GalleryView.swift */,
				AF76C3FA27AF65840031061F /* MainView.swift */,
				AF76C3FB27AF65840031061F /* ContentView.swift */,
				AF76C3FC27AF65840031061F /* VideoListView.swift */,
			);
			path = App;
			sourceTree = "<group>";
		};
		AF76C40327AF661D0031061F /* ViewModel */ = {
			isa = PBXGroup;
			children = (
			);
			path = ViewModel;
			sourceTree = "<group>";
		};
		AF76C40427AF661D0031061F /* Model */ = {
			isa = PBXGroup;
			children = (
				AF76C40527AF661D0031061F /* AnimalModel.swift */,
				AF76C40627AF661D0031061F /* VideoModel.swift */,
				AF76C40727AF661D0031061F /* CoverImageModel.swift */,
				AF76C40827AF661D0031061F /* LocationModel.swift */,
			);
			path = Model;
			sourceTree = "<group>";
		};
		AF76C40D27AF66360031061F /* Video */ = {
			isa = PBXGroup;
			children = (
				AF76C40E27AF66360031061F /* hippo 3.mp4 */,
				AF76C40F27AF66360031061F /* giraffe.mp4 */,
				AF76C41027AF66360031061F /* rhino 3.mp4 */,
				AF76C41127AF66360031061F /* cheetah 3.mp4 */,
				AF76C41227AF66360031061F /* lioness 3.mp4 */,
				AF76C41327AF66360031061F /* zebra 3.mp4 */,
				AF76C41427AF66360031061F /* ostrich 3.mp4 */,
				AF76C41527AF66360031061F /* ostrich.mp4 */,
				AF76C41627AF66360031061F /* gorilla 3.mp4 */,
				AF76C41727AF66360031061F /* zebra.mp4 */,
				AF76C41827AF66360031061F /* elephant 3.mp4 */,
				AF76C41927AF66360031061F /* hippo.mp4 */,
				AF76C41A27AF66360031061F /* cheetah.mp4 */,
				AF76C41B27AF66370031061F /* gorilla.mp4 */,
				AF76C41C27AF66370031061F /* giraffe 3.mp4 */,
				AF76C41D27AF66370031061F /* elephant.mp4 */,
				AF76C41E27AF66370031061F /* lion 3.mp4 */,
				AF76C41F27AF66370031061F /* lioness.mp4 */,
				AF76C42027AF66370031061F /* lion.mp4 */,
				AF76C42127AF66370031061F /* rhino.mp4 */,
			);
			path = Video;
			sourceTree = "<group>";
		};
/* End PBXGroup section */

/* Begin PBXNativeTarget section */
		AF76C3B827AF63070031061F /* UIKitSwiftUIDemo */ = {
			isa = PBXNativeTarget;
			buildConfigurationList = AF76C3CD27AF630F0031061F /* Build configuration list for PBXNativeTarget "UIKitSwiftUIDemo" */;
			buildPhases = (
				AF76C3B527AF63070031061F /* Sources */,
				AF76C3B627AF63070031061F /* Frameworks */,
				AF76C3B727AF63070031061F /* Resources */,
			);
			buildRules = (
			);
			dependencies = (
			);
			name = UIKitSwiftUIDemo;
			productName = UIKitSwiftUIDemo;
			productReference = AF76C3B927AF63070031061F /* UIKitSwiftUIDemo.app */;
			productType = "com.apple.product-type.application";
		};
/* End PBXNativeTarget section */

/* Begin PBXProject section */
		AF76C3B127AF63070031061F /* Project object */ = {
			isa = PBXProject;
			attributes = {
				BuildIndependentTargetsInParallel = 1;
				LastSwiftUpdateCheck = 1320;
				LastUpgradeCheck = 1320;
				TargetAttributes = {
					AF76C3B827AF63070031061F = {
						CreatedOnToolsVersion = 13.2.1;
					};
				};
			};
			buildConfigurationList = AF76C3B427AF63070031061F /* Build configuration list for PBXProject "UIKitSwiftUIDemo" */;
			compatibilityVersion = "Xcode 13.0";
			developmentRegion = en;
			hasScannedForEncodings = 0;
			knownRegions = (
				en,
				Base,
			);
			mainGroup = AF76C3B027AF63070031061F;
			productRefGroup = AF76C3BA27AF63070031061F /* Products */;
			projectDirPath = "";
			projectRoot = "";
			targets = (
				AF76C3B827AF63070031061F /* UIKitSwiftUIDemo */,
			);
		};
/* End PBXProject section */

/* Begin PBXResourcesBuildPhase section */
		AF76C3B727AF63070031061F /* Resources */ = {
			isa = PBXResourcesBuildPhase;
			buildActionMask = 2147483647;
			files = (
				AF76C42727AF66370031061F /* zebra 3.mp4 in Resources */,
				AF76C42B27AF66370031061F /* zebra.mp4 in Resources */,
				AF76C3D927AF63D80031061F /* covers.json in Resources */,
				AF76C43527AF66370031061F /* rhino.mp4 in Resources */,
				AF76C42C27AF66370031061F /* elephant 3.mp4 in Resources */,
				AF76C3C927AF630F0031061F /* LaunchScreen.storyboard in Resources */,
				AF76C42927AF66370031061F /* ostrich.mp4 in Resources */,
				AF76C3C627AF630F0031061F /* Assets.xcassets in Resources */,
				AF76C43327AF66370031061F /* lioness.mp4 in Resources */,
				AF76C3DB27AF63D80031061F /* videos.json in Resources */,
				AF76C42627AF66370031061F /* lioness 3.mp4 in Resources */,
				AF76C43027AF66370031061F /* giraffe 3.mp4 in Resources */,
				AF76C43127AF66370031061F /* elephant.mp4 in Resources */,
				AF76C42527AF66370031061F /* cheetah 3.mp4 in Resources */,
				AF76C43427AF66370031061F /* lion.mp4 in Resources */,
				AF76C42F27AF66370031061F /* gorilla.mp4 in Resources */,
				AF76C3DA27AF63D80031061F /* animals.json in Resources */,
				AF76C42A27AF66370031061F /* gorilla 3.mp4 in Resources */,
				AF76C42227AF66370031061F /* hippo 3.mp4 in Resources */,
				AF76C42827AF66370031061F /* ostrich 3.mp4 in Resources */,
				AF76C3D827AF63D80031061F /* locations.json in Resources */,
				AF76C3C427AF63070031061F /* Main.storyboard in Resources */,
				AF76C42E27AF66370031061F /* cheetah.mp4 in Resources */,
				AF76C42D27AF66370031061F /* hippo.mp4 in Resources */,
				AF76C42327AF66370031061F /* giraffe.mp4 in Resources */,
				AF76C43227AF66370031061F /* lion 3.mp4 in Resources */,
				AF76C42427AF66370031061F /* rhino 3.mp4 in Resources */,
			);
			runOnlyForDeploymentPostprocessing = 0;
		};
/* End PBXResourcesBuildPhase section */

/* Begin PBXSourcesBuildPhase section */
		AF76C3B527AF63070031061F /* Sources */ = {
			isa = PBXSourcesBuildPhase;
			buildActionMask = 2147483647;
			files = (
				AF76C3F227AF64510031061F /* MapAnnotationView.swift in Sources */,
				AF76C3D227AF63950031061F /* CodableBundleExtension.swift in Sources */,
				AF76C40127AF65840031061F /* ContentView.swift in Sources */,
				AF76C3F127AF64510031061F /* AnimalDetailView.swift in Sources */,
				AF76C3FE27AF65840031061F /* AfricaApp.swift in Sources */,
				AF76C3ED27AF64510031061F /* AnimalListItemView.swift in Sources */,
				AF76C43727AF6D490031061F /* UIKitSwiftUIExtension.swift in Sources */,
				AF76C3E827AF64510031061F /* HeadingView.swift in Sources */,
				AF76C3C127AF63070031061F /* ViewController.swift in Sources */,
				AF76C3F527AF64610031061F /* VideoPlayerHelper.swift in Sources */,
				AF76C3BD27AF63070031061F /* AppDelegate.swift in Sources */,
				AF76C40C27AF661D0031061F /* LocationModel.swift in Sources */,
				AF76C40B27AF661D0031061F /* CoverImageModel.swift in Sources */,
				AF76C3EB27AF64510031061F /* CoverImageView.swift in Sources */,
				AF76C3FD27AF65840031061F /* MapView.swift in Sources */,
				AF76C3EF27AF64510031061F /* InsetFactView.swift in Sources */,
				AF76C3EC27AF64510031061F /* InsetMapView.swift in Sources */,
				AF76C40227AF65840031061F /* VideoListView.swift in Sources */,
				AF76C40027AF65840031061F /* MainView.swift in Sources */,
				AF76C3BF27AF63070031061F /* SceneDelegate.swift in Sources */,
				AF76C40927AF661D0031061F /* AnimalModel.swift in Sources */,
				AF76C3EE27AF64510031061F /* VideoListItemView.swift in Sources */,
				AF76C40A27AF661D0031061F /* VideoModel.swift in Sources */,
				AF76C3E927AF64510031061F /* VideoPlayerView.swift in Sources */,
				AF76C3FF27AF65840031061F /* GalleryView.swift in Sources */,
				AF76C3EA27AF64510031061F /* ExternalWeblinkView.swift in Sources */,
				AF76C3F027AF64510031061F /* InsetGalleryView.swift in Sources */,
			);
			runOnlyForDeploymentPostprocessing = 0;
		};
/* End PBXSourcesBuildPhase section */

/* Begin PBXVariantGroup section */
		AF76C3C227AF63070031061F /* Main.storyboard */ = {
			isa = PBXVariantGroup;
			children = (
				AF76C3C327AF63070031061F /* Base */,
			);
			name = Main.storyboard;
			sourceTree = "<group>";
		};
		AF76C3C727AF630F0031061F /* LaunchScreen.storyboard */ = {
			isa = PBXVariantGroup;
			children = (
				AF76C3C827AF630F0031061F /* Base */,
			);
			name = LaunchScreen.storyboard;
			sourceTree = "<group>";
		};
/* End PBXVariantGroup section */

/* Begin XCBuildConfiguration section */
		AF76C3CB27AF630F0031061F /* Debug */ = {
			isa = XCBuildConfiguration;
			buildSettings = {
				ALWAYS_SEARCH_USER_PATHS = NO;
				CLANG_ANALYZER_NONNULL = YES;
				CLANG_ANALYZER_NUMBER_OBJECT_CONVERSION = YES_AGGRESSIVE;
				CLANG_CXX_LANGUAGE_STANDARD = "gnu++17";
				CLANG_CXX_LIBRARY = "libc++";
				CLANG_ENABLE_MODULES = YES;
				CLANG_ENABLE_OBJC_ARC = YES;
				CLANG_ENABLE_OBJC_WEAK = YES;
				CLANG_WARN_BLOCK_CAPTURE_AUTORELEASING = YES;
				CLANG_WARN_BOOL_CONVERSION = YES;
				CLANG_WARN_COMMA = YES;
				CLANG_WARN_CONSTANT_CONVERSION = YES;
				CLANG_WARN_DEPRECATED_OBJC_IMPLEMENTATIONS = YES;
				CLANG_WARN_DIRECT_OBJC_ISA_USAGE = YES_ERROR;
				CLANG_WARN_DOCUMENTATION_COMMENTS = YES;
				CLANG_WARN_EMPTY_BODY = YES;
				CLANG_WARN_ENUM_CONVERSION = YES;
				CLANG_WARN_INFINITE_RECURSION = YES;
				CLANG_WARN_INT_CONVERSION = YES;
				CLANG_WARN_NON_LITERAL_NULL_CONVERSION = YES;
				CLANG_WARN_OBJC_IMPLICIT_RETAIN_SELF = YES;
				CLANG_WARN_OBJC_LITERAL_CONVERSION = YES;
				CLANG_WARN_OBJC_ROOT_CLASS = YES_ERROR;
				CLANG_WARN_QUOTED_INCLUDE_IN_FRAMEWORK_HEADER = YES;
				CLANG_WARN_RANGE_LOOP_ANALYSIS = YES;
				CLANG_WARN_STRICT_PROTOTYPES = YES;
				CLANG_WARN_SUSPICIOUS_MOVE = YES;
				CLANG_WARN_UNGUARDED_AVAILABILITY = YES_AGGRESSIVE;
				CLANG_WARN_UNREACHABLE_CODE = YES;
				CLANG_WARN__DUPLICATE_METHOD_MATCH = YES;
				COPY_PHASE_STRIP = NO;
				DEBUG_INFORMATION_FORMAT = dwarf;
				ENABLE_STRICT_OBJC_MSGSEND = YES;
				ENABLE_TESTABILITY = YES;
				GCC_C_LANGUAGE_STANDARD = gnu11;
				GCC_DYNAMIC_NO_PIC = NO;
				GCC_NO_COMMON_BLOCKS = YES;
				GCC_OPTIMIZATION_LEVEL = 0;
				GCC_PREPROCESSOR_DEFINITIONS = (
					"DEBUG=1",
					"$(inherited)",
				);
				GCC_WARN_64_TO_32_BIT_CONVERSION = YES;
				GCC_WARN_ABOUT_RETURN_TYPE = YES_ERROR;
				GCC_WARN_UNDECLARED_SELECTOR = YES;
				GCC_WARN_UNINITIALIZED_AUTOS = YES_AGGRESSIVE;
				GCC_WARN_UNUSED_FUNCTION = YES;
				GCC_WARN_UNUSED_VARIABLE = YES;
				IPHONEOS_DEPLOYMENT_TARGET = 15.2;
				MTL_ENABLE_DEBUG_INFO = INCLUDE_SOURCE;
				MTL_FAST_MATH = YES;
				ONLY_ACTIVE_ARCH = YES;
				SDKROOT = iphoneos;
				SWIFT_ACTIVE_COMPILATION_CONDITIONS = DEBUG;
				SWIFT_OPTIMIZATION_LEVEL = "-Onone";
			};
			name = Debug;
		};
		AF76C3CC27AF630F0031061F /* Release */ = {
			isa = XCBuildConfiguration;
			buildSettings = {
				ALWAYS_SEARCH_USER_PATHS = NO;
				CLANG_ANALYZER_NONNULL = YES;
				CLANG_ANALYZER_NUMBER_OBJECT_CONVERSION = YES_AGGRESSIVE;
				CLANG_CXX_LANGUAGE_STANDARD = "gnu++17";
				CLANG_CXX_LIBRARY = "libc++";
				CLANG_ENABLE_MODULES = YES;
				CLANG_ENABLE_OBJC_ARC = YES;
				CLANG_ENABLE_OBJC_WEAK = YES;
				CLANG_WARN_BLOCK_CAPTURE_AUTORELEASING = YES;
				CLANG_WARN_BOOL_CONVERSION = YES;
				CLANG_WARN_COMMA = YES;
				CLANG_WARN_CONSTANT_CONVERSION = YES;
				CLANG_WARN_DEPRECATED_OBJC_IMPLEMENTATIONS = YES;
				CLANG_WARN_DIRECT_OBJC_ISA_USAGE = YES_ERROR;
				CLANG_WARN_DOCUMENTATION_COMMENTS = YES;
				CLANG_WARN_EMPTY_BODY = YES;
				CLANG_WARN_ENUM_CONVERSION = YES;
				CLANG_WARN_INFINITE_RECURSION = YES;
				CLANG_WARN_INT_CONVERSION = YES;
				CLANG_WARN_NON_LITERAL_NULL_CONVERSION = YES;
				CLANG_WARN_OBJC_IMPLICIT_RETAIN_SELF = YES;
				CLANG_WARN_OBJC_LITERAL_CONVERSION = YES;
				CLANG_WARN_OBJC_ROOT_CLASS = YES_ERROR;
				CLANG_WARN_QUOTED_INCLUDE_IN_FRAMEWORK_HEADER = YES;
				CLANG_WARN_RANGE_LOOP_ANALYSIS = YES;
				CLANG_WARN_STRICT_PROTOTYPES = YES;
				CLANG_WARN_SUSPICIOUS_MOVE = YES;
				CLANG_WARN_UNGUARDED_AVAILABILITY = YES_AGGRESSIVE;
				CLANG_WARN_UNREACHABLE_CODE = YES;
				CLANG_WARN__DUPLICATE_METHOD_MATCH = YES;
				COPY_PHASE_STRIP = NO;
				DEBUG_INFORMATION_FORMAT = "dwarf-with-dsym";
				ENABLE_NS_ASSERTIONS = NO;
				ENABLE_STRICT_OBJC_MSGSEND = YES;
				GCC_C_LANGUAGE_STANDARD = gnu11;
				GCC_NO_COMMON_BLOCKS = YES;
				GCC_WARN_64_TO_32_BIT_CONVERSION = YES;
				GCC_WARN_ABOUT_RETURN_TYPE = YES_ERROR;
				GCC_WARN_UNDECLARED_SELECTOR = YES;
				GCC_WARN_UNINITIALIZED_AUTOS = YES_AGGRESSIVE;
				GCC_WARN_UNUSED_FUNCTION = YES;
				GCC_WARN_UNUSED_VARIABLE = YES;
				IPHONEOS_DEPLOYMENT_TARGET = 15.2;
				MTL_ENABLE_DEBUG_INFO = NO;
				MTL_FAST_MATH = YES;
				SDKROOT = iphoneos;
				SWIFT_COMPILATION_MODE = wholemodule;
				SWIFT_OPTIMIZATION_LEVEL = "-O";
				VALIDATE_PRODUCT = YES;
			};
			name = Release;
		};
		AF76C3CE27AF630F0031061F /* Debug */ = {
			isa = XCBuildConfiguration;
			buildSettings = {
				ASSETCATALOG_COMPILER_APPICON_NAME = AppIcon;
				ASSETCATALOG_COMPILER_GLOBAL_ACCENT_COLOR_NAME = AccentColor;
				CODE_SIGN_STYLE = Automatic;
				CURRENT_PROJECT_VERSION = 1;
				DEVELOPMENT_TEAM = BPR96F3HF2;
				GENERATE_INFOPLIST_FILE = YES;
				INFOPLIST_FILE = UIKitSwiftUIDemo/Info.plist;
				INFOPLIST_KEY_UIApplicationSupportsIndirectInputEvents = YES;
				INFOPLIST_KEY_UILaunchStoryboardName = LaunchScreen;
				INFOPLIST_KEY_UIMainStoryboardFile = Main;
				INFOPLIST_KEY_UISupportedInterfaceOrientations_iPad = "UIInterfaceOrientationPortrait UIInterfaceOrientationPortraitUpsideDown UIInterfaceOrientationLandscapeLeft UIInterfaceOrientationLandscapeRight";
				INFOPLIST_KEY_UISupportedInterfaceOrientations_iPhone = "UIInterfaceOrientationPortrait UIInterfaceOrientationLandscapeLeft UIInterfaceOrientationLandscapeRight";
				LD_RUNPATH_SEARCH_PATHS = (
					"$(inherited)",
					"@executable_path/Frameworks",
				);
				MARKETING_VERSION = 1.0;
				PRODUCT_BUNDLE_IDENTIFIER = com.vngrs.UIKitSwiftUIDemo;
				PRODUCT_NAME = "$(TARGET_NAME)";
				SWIFT_EMIT_LOC_STRINGS = YES;
				SWIFT_VERSION = 5.0;
				TARGETED_DEVICE_FAMILY = "1,2";
			};
			name = Debug;
		};
		AF76C3CF27AF630F0031061F /* Release */ = {
			isa = XCBuildConfiguration;
			buildSettings = {
				ASSETCATALOG_COMPILER_APPICON_NAME = AppIcon;
				ASSETCATALOG_COMPILER_GLOBAL_ACCENT_COLOR_NAME = AccentColor;
				CODE_SIGN_STYLE = Automatic;
				CURRENT_PROJECT_VERSION = 1;
				DEVELOPMENT_TEAM = BPR96F3HF2;
				GENERATE_INFOPLIST_FILE = YES;
				INFOPLIST_FILE = UIKitSwiftUIDemo/Info.plist;
				INFOPLIST_KEY_UIApplicationSupportsIndirectInputEvents = YES;
				INFOPLIST_KEY_UILaunchStoryboardName = LaunchScreen;
				INFOPLIST_KEY_UIMainStoryboardFile = Main;
				INFOPLIST_KEY_UISupportedInterfaceOrientations_iPad = "UIInterfaceOrientationPortrait UIInterfaceOrientationPortraitUpsideDown UIInterfaceOrientationLandscapeLeft UIInterfaceOrientationLandscapeRight";
				INFOPLIST_KEY_UISupportedInterfaceOrientations_iPhone = "UIInterfaceOrientationPortrait UIInterfaceOrientationLandscapeLeft UIInterfaceOrientationLandscapeRight";
				LD_RUNPATH_SEARCH_PATHS = (
					"$(inherited)",
					"@executable_path/Frameworks",
				);
				MARKETING_VERSION = 1.0;
				PRODUCT_BUNDLE_IDENTIFIER = com.vngrs.UIKitSwiftUIDemo;
				PRODUCT_NAME = "$(TARGET_NAME)";
				SWIFT_EMIT_LOC_STRINGS = YES;
				SWIFT_VERSION = 5.0;
				TARGETED_DEVICE_FAMILY = "1,2";
			};
			name = Release;
		};
/* End XCBuildConfiguration section */

/* Begin XCConfigurationList section */
		AF76C3B427AF63070031061F /* Build configuration list for PBXProject "UIKitSwiftUIDemo" */ = {
			isa = XCConfigurationList;
			buildConfigurations = (
				AF76C3CB27AF630F0031061F /* Debug */,
				AF76C3CC27AF630F0031061F /* Release */,
			);
			defaultConfigurationIsVisible = 0;
			defaultConfigurationName = Release;
		};
		AF76C3CD27AF630F0031061F /* Build configuration list for PBXNativeTarget "UIKitSwiftUIDemo" */ = {
			isa = XCConfigurationList;
			buildConfigurations = (
				AF76C3CE27AF630F0031061F /* Debug */,
				AF76C3CF27AF630F0031061F /* Release */,
			);
			defaultConfigurationIsVisible = 0;
			defaultConfigurationName = Release;
		};
/* End XCConfigurationList section */
	};
	rootObject = AF76C3B127AF63070031061F /* Project object */;
}
